
Microsoft Visual Studio Solution File, Format Version 12.00
# Visual Studio 15
VisualStudioVersion = 15.0.27004.2009
MinimumVisualStudioVersion = 10.0.40219.1
Project("{FAE04EC0-301F-11D3-BF4B-00C04F79EFBC}") = "Hllmup", "Hllmup\Hllmup.csproj", "{AEB6A0D4-A4F6-4C2E-B2C3-8B153DA91035}"
EndProject
Global
	GlobalSection(SolutionConfigurationPlatforms) = preSolution
		Debug|Any CPU = Debug|Any CPU
		Release|Any CPU = Release|Any CPU
	EndGlobalSection
	GlobalSection(ProjectConfigurationPlatforms) = postSolution
		{AEB6A0D4-A4F6-4C2E-B2C3-8B153DA91035}.Debug|Any CPU.ActiveCfg = Debug|Any CPU
		{AEB6A0D4-A4F6-4C2E-B2C3-8B153DA91035}.Debug|Any CPU.Build.0 = Debug|Any CPU
		{AEB6A0D4-A4F6-4C2E-B2C3-8B153DA91035}.Release|Any CPU.ActiveCfg = Release|Any CPU
		{AEB6A0D4-A4F6-4C2E-B2C3-8B153DA91035}.Release|Any CPU.Build.0 = Release|Any CPU
	EndGlobalSection
	GlobalSection(SolutionProperties) = preSolution
		HideSolutionNode = FALSE
	EndGlobalSection
	GlobalSection(ExtensibilityGlobals) = postSolution
		SolutionGuid = {91FE8313-DD08-40B4-87D5-D885FCACB666}
	EndGlobalSection
EndGlobal
